
Microsoft Visual Studio Solution File, Format Version 12.00
# Visual Studio Version 16
VisualStudioVersion = 16.0.31112.23
MinimumVisualStudioVersion = 10.0.40219.1
Project("{FAE04EC0-301F-11D3-BF4B-00C04F79EFBC}") = "DesafioSonda.Web", "DesafioSonda\DesafioSonda.Web.csproj", "{522F247C-6EC0-44E2-997E-67CD27997A5F}"
EndProject
Project("{FAE04EC0-301F-11D3-BF4B-00C04F79EFBC}") = "DesafioSonda.Domain", "DesafioSonda.Domain\DesafioSonda.Domain.csproj", "{F2124899-8957-49E0-90AB-900AD0A836AF}"
EndProject
Project("{2150E333-8FDC-42A3-9474-1A3956D46DE8}") = "src", "src", "{EDD16CE0-F41F-4202-A322-F9EDDB80FD87}"
EndProject
Project("{FAE04EC0-301F-11D3-BF4B-00C04F79EFBC}") = "DesafioSonda.Application", "DesafioSonda.Services\DesafioSonda.Application.csproj", "{40A2FC8E-5E96-4B82-8B27-EE46A32AF372}"
EndProject
Project("{FAE04EC0-301F-11D3-BF4B-00C04F79EFBC}") = "DesafioSonda.Infra", "DesafioSonda.Repository\DesafioSonda.Infra.csproj", "{6D5D5EFA-3455-44AA-8CA6-4FC170E0FB91}"
EndProject
Project("{FAE04EC0-301F-11D3-BF4B-00C04F79EFBC}") = "DesafioSonda.Domain.Tests", "DesafioSonda.Domain.Tests\DesafioSonda.Domain.Tests.csproj", "{E8F781B8-63A6-4DB2-89BD-601498A95BB7}"
EndProject
Global
	GlobalSection(SolutionConfigurationPlatforms) = preSolution
		Debug|Any CPU = Debug|Any CPU
		Release|Any CPU = Release|Any CPU
	EndGlobalSection
	GlobalSection(ProjectConfigurationPlatforms) = postSolution
		{522F247C-6EC0-44E2-997E-67CD27997A5F}.Debug|Any CPU.ActiveCfg = Debug|Any CPU
		{522F247C-6EC0-44E2-997E-67CD27997A5F}.Debug|Any CPU.Build.0 = Debug|Any CPU
		{522F247C-6EC0-44E2-997E-67CD27997A5F}.Release|Any CPU.ActiveCfg = Release|Any CPU
		{522F247C-6EC0-44E2-997E-67CD27997A5F}.Release|Any CPU.Build.0 = Release|Any CPU
		{F2124899-8957-49E0-90AB-900AD0A836AF}.Debug|Any CPU.ActiveCfg = Debug|Any CPU
		{F2124899-8957-49E0-90AB-900AD0A836AF}.Debug|Any CPU.Build.0 = Debug|Any CPU
		{F2124899-8957-49E0-90AB-900AD0A836AF}.Release|Any CPU.ActiveCfg = Release|Any CPU
		{F2124899-8957-49E0-90AB-900AD0A836AF}.Release|Any CPU.Build.0 = Release|Any CPU
		{40A2FC8E-5E96-4B82-8B27-EE46A32AF372}.Debug|Any CPU.ActiveCfg = Debug|Any CPU
		{40A2FC8E-5E96-4B82-8B27-EE46A32AF372}.Debug|Any CPU.Build.0 = Debug|Any CPU
		{40A2FC8E-5E96-4B82-8B27-EE46A32AF372}.Release|Any CPU.ActiveCfg = Release|Any CPU
		{40A2FC8E-5E96-4B82-8B27-EE46A32AF372}.Release|Any CPU.Build.0 = Release|Any CPU
		{6D5D5EFA-3455-44AA-8CA6-4FC170E0FB91}.Debug|Any CPU.ActiveCfg = Debug|Any CPU
		{6D5D5EFA-3455-44AA-8CA6-4FC170E0FB91}.Debug|Any CPU.Build.0 = Debug|Any CPU
		{6D5D5EFA-3455-44AA-8CA6-4FC170E0FB91}.Release|Any CPU.ActiveCfg = Release|Any CPU
		{6D5D5EFA-3455-44AA-8CA6-4FC170E0FB91}.Release|Any CPU.Build.0 = Release|Any CPU
		{E8F781B8-63A6-4DB2-89BD-601498A95BB7}.Debug|Any CPU.ActiveCfg = Debug|Any CPU
		{E8F781B8-63A6-4DB2-89BD-601498A95BB7}.Debug|Any CPU.Build.0 = Debug|Any CPU
		{E8F781B8-63A6-4DB2-89BD-601498A95BB7}.Release|Any CPU.ActiveCfg = Release|Any CPU
		{E8F781B8-63A6-4DB2-89BD-601498A95BB7}.Release|Any CPU.Build.0 = Release|Any CPU
	EndGlobalSection
	GlobalSection(SolutionProperties) = preSolution
		HideSolutionNode = FALSE
	EndGlobalSection
	GlobalSection(NestedProjects) = preSolution
		{522F247C-6EC0-44E2-997E-67CD27997A5F} = {EDD16CE0-F41F-4202-A322-F9EDDB80FD87}
		{F2124899-8957-49E0-90AB-900AD0A836AF} = {EDD16CE0-F41F-4202-A322-F9EDDB80FD87}
		{40A2FC8E-5E96-4B82-8B27-EE46A32AF372} = {EDD16CE0-F41F-4202-A322-F9EDDB80FD87}
		{6D5D5EFA-3455-44AA-8CA6-4FC170E0FB91} = {EDD16CE0-F41F-4202-A322-F9EDDB80FD87}
		{E8F781B8-63A6-4DB2-89BD-601498A95BB7} = {EDD16CE0-F41F-4202-A322-F9EDDB80FD87}
	EndGlobalSection
	GlobalSection(ExtensibilityGlobals) = postSolution
		SolutionGuid = {8F058F5B-D47A-43E6-B554-4575ACFE311D}
	EndGlobalSection
EndGlobal
